
Microsoft Visual Studio Solution File, Format Version 12.00
# Visual Studio Version 16
VisualStudioVersion = 16.0.30621.155
MinimumVisualStudioVersion = 10.0.40219.1
Project("{9A19103F-16F7-4668-BE54-9A1E7A4F7556}") = "ConsoleApp1", "ConsoleApp1\ConsoleApp1.csproj", "{A8A62DEB-0C81-47FC-8A57-3FD176C3E402}"
EndProject
Project("{9A19103F-16F7-4668-BE54-9A1E7A4F7556}") = "ClassLibrary1", "ClassLibrary1\ClassLibrary1.csproj", "{A9E4731A-6283-4104-BD42-6B92CB3EF18C}"
EndProject
Global
	GlobalSection(SolutionConfigurationPlatforms) = preSolution
		Debug|Any CPU = Debug|Any CPU
		Release|Any CPU = Release|Any CPU
	EndGlobalSection
	GlobalSection(ProjectConfigurationPlatforms) = postSolution
		{A8A62DEB-0C81-47FC-8A57-3FD176C3E402}.Debug|Any CPU.ActiveCfg = Debug|Any CPU
		{A8A62DEB-0C81-47FC-8A57-3FD176C3E402}.Debug|Any CPU.Build.0 = Debug|Any CPU
		{A8A62DEB-0C81-47FC-8A57-3FD176C3E402}.Release|Any CPU.ActiveCfg = Release|Any CPU
		{A8A62DEB-0C81-47FC-8A57-3FD176C3E402}.Release|Any CPU.Build.0 = Release|Any CPU
		{A9E4731A-6283-4104-BD42-6B92CB3EF18C}.Debug|Any CPU.ActiveCfg = Debug|Any CPU
		{A9E4731A-6283-4104-BD42-6B92CB3EF18C}.Debug|Any CPU.Build.0 = Debug|Any CPU
		{A9E4731A-6283-4104-BD42-6B92CB3EF18C}.Release|Any CPU.ActiveCfg = Release|Any CPU
		{A9E4731A-6283-4104-BD42-6B92CB3EF18C}.Release|Any CPU.Build.0 = Release|Any CPU
	EndGlobalSection
	GlobalSection(SolutionProperties) = preSolution
		HideSolutionNode = FALSE
	EndGlobalSection
	GlobalSection(ExtensibilityGlobals) = postSolution
		SolutionGuid = {D6EBDC4F-687A-40E6-9E81-4C740A3DECE1}
	EndGlobalSection
EndGlobal
